
Microsoft Visual Studio Solution File, Format Version 12.00
# Visual Studio Version 17
VisualStudioVersion = 17.5.33530.505
MinimumVisualStudioVersion = 10.0.40219.1
Project("{FAE04EC0-301F-11D3-BF4B-00C04F79EFBC}") = "LR08_C121_SavolaynenDmitriy", "LR08_C121_SavolaynenDmitriy.csproj", "{C18B68D7-D11B-42BF-8DA0-A29260A4214B}"
EndProject
Global
	GlobalSection(SolutionConfigurationPlatforms) = preSolution
		Debug|Any CPU = Debug|Any CPU
		Release|Any CPU = Release|Any CPU
	EndGlobalSection
	GlobalSection(ProjectConfigurationPlatforms) = postSolution
		{C18B68D7-D11B-42BF-8DA0-A29260A4214B}.Debug|Any CPU.ActiveCfg = Debug|Any CPU
		{C18B68D7-D11B-42BF-8DA0-A29260A4214B}.Debug|Any CPU.Build.0 = Debug|Any CPU
		{C18B68D7-D11B-42BF-8DA0-A29260A4214B}.Release|Any CPU.ActiveCfg = Release|Any CPU
		{C18B68D7-D11B-42BF-8DA0-A29260A4214B}.Release|Any CPU.Build.0 = Release|Any CPU
	EndGlobalSection
	GlobalSection(SolutionProperties) = preSolution
		HideSolutionNode = FALSE
	EndGlobalSection
	GlobalSection(ExtensibilityGlobals) = postSolution
		SolutionGuid = {1C6ACB2A-D8E5-49BD-BA84-FE6CB7C2EDF2}
	EndGlobalSection
EndGlobal
